
Microsoft Visual Studio Solution File, Format Version 12.00
# Visual Studio Version 17
VisualStudioVersion = 17.2.32602.215
MinimumVisualStudioVersion = 10.0.40219.1
Project("{FAE04EC0-301F-11D3-BF4B-00C04F79EFBC}") = "Classes", "Classes\Classes.csproj", "{41229089-21C2-440B-A598-5D07B28DEE82}"
EndProject
Project("{FAE04EC0-301F-11D3-BF4B-00C04F79EFBC}") = "Interfaces", "Interfaces\Interfaces.csproj", "{37E3D91E-FA39-4824-ACCB-752BB38BB424}"
EndProject
Project("{FAE04EC0-301F-11D3-BF4B-00C04F79EFBC}") = "Inheritances", "Inheritances\Inheritances.csproj", "{C1E8D4F9-BC2F-4AA2-9F7C-9CAE3D934C22}"
EndProject
Project("{FAE04EC0-301F-11D3-BF4B-00C04F79EFBC}") = "VirtualMethods", "VirtualMethods\VirtualMethods.csproj", "{769B8256-078F-436B-9017-16E76B8C1542}"
EndProject
Project("{FAE04EC0-301F-11D3-BF4B-00C04F79EFBC}") = "AbstractClasses", "AbstractClasses\AbstractClasses.csproj", "{E78A76E0-1B3C-40CD-8B90-56A2184A9F10}"
EndProject
Project("{FAE04EC0-301F-11D3-BF4B-00C04F79EFBC}") = "RemoDemo1", "RemoDemo1\RemoDemo1.csproj", "{E6B41CB7-FA13-4268-8E85-78E8264499B0}"
EndProject
Global
	GlobalSection(SolutionConfigurationPlatforms) = preSolution
		Debug|Any CPU = Debug|Any CPU
		Release|Any CPU = Release|Any CPU
	EndGlobalSection
	GlobalSection(ProjectConfigurationPlatforms) = postSolution
		{41229089-21C2-440B-A598-5D07B28DEE82}.Debug|Any CPU.ActiveCfg = Debug|Any CPU
		{41229089-21C2-440B-A598-5D07B28DEE82}.Debug|Any CPU.Build.0 = Debug|Any CPU
		{41229089-21C2-440B-A598-5D07B28DEE82}.Release|Any CPU.ActiveCfg = Release|Any CPU
		{41229089-21C2-440B-A598-5D07B28DEE82}.Release|Any CPU.Build.0 = Release|Any CPU
		{37E3D91E-FA39-4824-ACCB-752BB38BB424}.Debug|Any CPU.ActiveCfg = Debug|Any CPU
		{37E3D91E-FA39-4824-ACCB-752BB38BB424}.Debug|Any CPU.Build.0 = Debug|Any CPU
		{37E3D91E-FA39-4824-ACCB-752BB38BB424}.Release|Any CPU.ActiveCfg = Release|Any CPU
		{37E3D91E-FA39-4824-ACCB-752BB38BB424}.Release|Any CPU.Build.0 = Release|Any CPU
		{C1E8D4F9-BC2F-4AA2-9F7C-9CAE3D934C22}.Debug|Any CPU.ActiveCfg = Debug|Any CPU
		{C1E8D4F9-BC2F-4AA2-9F7C-9CAE3D934C22}.Debug|Any CPU.Build.0 = Debug|Any CPU
		{C1E8D4F9-BC2F-4AA2-9F7C-9CAE3D934C22}.Release|Any CPU.ActiveCfg = Release|Any CPU
		{C1E8D4F9-BC2F-4AA2-9F7C-9CAE3D934C22}.Release|Any CPU.Build.0 = Release|Any CPU
		{769B8256-078F-436B-9017-16E76B8C1542}.Debug|Any CPU.ActiveCfg = Debug|Any CPU
		{769B8256-078F-436B-9017-16E76B8C1542}.Debug|Any CPU.Build.0 = Debug|Any CPU
		{769B8256-078F-436B-9017-16E76B8C1542}.Release|Any CPU.ActiveCfg = Release|Any CPU
		{769B8256-078F-436B-9017-16E76B8C1542}.Release|Any CPU.Build.0 = Release|Any CPU
		{E78A76E0-1B3C-40CD-8B90-56A2184A9F10}.Debug|Any CPU.ActiveCfg = Debug|Any CPU
		{E78A76E0-1B3C-40CD-8B90-56A2184A9F10}.Debug|Any CPU.Build.0 = Debug|Any CPU
		{E78A76E0-1B3C-40CD-8B90-56A2184A9F10}.Release|Any CPU.ActiveCfg = Release|Any CPU
		{E78A76E0-1B3C-40CD-8B90-56A2184A9F10}.Release|Any CPU.Build.0 = Release|Any CPU
		{E6B41CB7-FA13-4268-8E85-78E8264499B0}.Debug|Any CPU.ActiveCfg = Debug|Any CPU
		{E6B41CB7-FA13-4268-8E85-78E8264499B0}.Debug|Any CPU.Build.0 = Debug|Any CPU
		{E6B41CB7-FA13-4268-8E85-78E8264499B0}.Release|Any CPU.ActiveCfg = Release|Any CPU
		{E6B41CB7-FA13-4268-8E85-78E8264499B0}.Release|Any CPU.Build.0 = Release|Any CPU
	EndGlobalSection
	GlobalSection(SolutionProperties) = preSolution
		HideSolutionNode = FALSE
	EndGlobalSection
	GlobalSection(ExtensibilityGlobals) = postSolution
		SolutionGuid = {6957B56B-D59A-4DDD-9515-C324EDC8E2D2}
	EndGlobalSection
EndGlobal
