
Microsoft Visual Studio Solution File, Format Version 12.00
# Visual Studio Version 17
VisualStudioVersion = 17.2.32602.215
MinimumVisualStudioVersion = 10.0.40219.1
Project("{FAE04EC0-301F-11D3-BF4B-00C04F79EFBC}") = "Classes", "Classes\Classes.csproj", "{41229089-21C2-440B-A598-5D07B28DEE82}"
EndProject
Project("{FAE04EC0-301F-11D3-BF4B-00C04F79EFBC}") = "Interfaces", "Interfaces\Interfaces.csproj", "{37E3D91E-FA39-4824-ACCB-752BB38BB424}"
EndProject
Project("{FAE04EC0-301F-11D3-BF4B-00C04F79EFBC}") = "Inheritances", "Inheritances\Inheritances.csproj", "{C1E8D4F9-BC2F-4AA2-9F7C-9CAE3D934C22}"
EndProject
Project("{FAE04EC0-301F-11D3-BF4B-00C04F79EFBC}") = "VirtualMethods", "VirtualMethods\VirtualMethods.csproj", "{769B8256-078F-436B-9017-16E76B8C1542}"
EndProject
Project("{FAE04EC0-301F-11D3-BF4B-00C04F79EFBC}") = "AbstractClasses", "AbstractClasses\AbstractClasses.csproj", "{E78A76E0-1B3C-40CD-8B90-56A2184A9F10}"
EndProject
Project("{FAE04EC0-301F-11D3-BF4B-00C04F79EFBC}") = "RemoDemo1", "RemoDemo1\RemoDemo1.csproj", "{E6B41CB7-FA13-4268-8E85-78E8264499B0}"
EndProject
Project("{FAE04EC0-301F-11D3-BF4B-00C04F79EFBC}") = "Constructors", "Constructors\Constructors.csproj", "{91D49277-4FB2-4BEA-9524-522A3AE8291C}"
EndProject
Project("{FAE04EC0-301F-11D3-BF4B-00C04F79EFBC}") = "ReferenceAndValueType", "ReferenceAndValueType\ReferenceAndValueType.csproj", "{DAF8FC08-8CA6-4E3B-B1A1-7A4C29FA04CB}"
EndProject
Project("{FAE04EC0-301F-11D3-BF4B-00C04F79EFBC}") = "Collections", "Collections\Collections.csproj", "{F753A628-8F26-41D5-A459-04CCD6D4CCEA}"
EndProject
Project("{FAE04EC0-301F-11D3-BF4B-00C04F79EFBC}") = "Dictionaries", "Dictionaries\Dictionaries.csproj", "{7818DA5B-AA1F-468D-9D75-C9315BC4908F}"
EndProject
Project("{FAE04EC0-301F-11D3-BF4B-00C04F79EFBC}") = "Exceptions", "Exceptions\Exceptions.csproj", "{1FABE47C-86F9-4443-A892-ACEFAA8D79E3}"
EndProject
Project("{FAE04EC0-301F-11D3-BF4B-00C04F79EFBC}") = "AdoNetDemo", "AdoNetDemo\AdoNetDemo.csproj", "{7463D714-0A68-4175-A46B-E80F3651F117}"
EndProject
Project("{FAE04EC0-301F-11D3-BF4B-00C04F79EFBC}") = "EntityFrameworkDemo", "EntityFrameworkDemo\EntityFrameworkDemo.csproj", "{63E9E53D-232F-4533-9471-7EFA021BECE0}"
EndProject
Global
	GlobalSection(SolutionConfigurationPlatforms) = preSolution
		Debug|Any CPU = Debug|Any CPU
		Release|Any CPU = Release|Any CPU
	EndGlobalSection
	GlobalSection(ProjectConfigurationPlatforms) = postSolution
		{41229089-21C2-440B-A598-5D07B28DEE82}.Debug|Any CPU.ActiveCfg = Debug|Any CPU
		{41229089-21C2-440B-A598-5D07B28DEE82}.Debug|Any CPU.Build.0 = Debug|Any CPU
		{41229089-21C2-440B-A598-5D07B28DEE82}.Release|Any CPU.ActiveCfg = Release|Any CPU
		{41229089-21C2-440B-A598-5D07B28DEE82}.Release|Any CPU.Build.0 = Release|Any CPU
		{37E3D91E-FA39-4824-ACCB-752BB38BB424}.Debug|Any CPU.ActiveCfg = Debug|Any CPU
		{37E3D91E-FA39-4824-ACCB-752BB38BB424}.Debug|Any CPU.Build.0 = Debug|Any CPU
		{37E3D91E-FA39-4824-ACCB-752BB38BB424}.Release|Any CPU.ActiveCfg = Release|Any CPU
		{37E3D91E-FA39-4824-ACCB-752BB38BB424}.Release|Any CPU.Build.0 = Release|Any CPU
		{C1E8D4F9-BC2F-4AA2-9F7C-9CAE3D934C22}.Debug|Any CPU.ActiveCfg = Debug|Any CPU
		{C1E8D4F9-BC2F-4AA2-9F7C-9CAE3D934C22}.Debug|Any CPU.Build.0 = Debug|Any CPU
		{C1E8D4F9-BC2F-4AA2-9F7C-9CAE3D934C22}.Release|Any CPU.ActiveCfg = Release|Any CPU
		{C1E8D4F9-BC2F-4AA2-9F7C-9CAE3D934C22}.Release|Any CPU.Build.0 = Release|Any CPU
		{769B8256-078F-436B-9017-16E76B8C1542}.Debug|Any CPU.ActiveCfg = Debug|Any CPU
		{769B8256-078F-436B-9017-16E76B8C1542}.Debug|Any CPU.Build.0 = Debug|Any CPU
		{769B8256-078F-436B-9017-16E76B8C1542}.Release|Any CPU.ActiveCfg = Release|Any CPU
		{769B8256-078F-436B-9017-16E76B8C1542}.Release|Any CPU.Build.0 = Release|Any CPU
		{E78A76E0-1B3C-40CD-8B90-56A2184A9F10}.Debug|Any CPU.ActiveCfg = Debug|Any CPU
		{E78A76E0-1B3C-40CD-8B90-56A2184A9F10}.Debug|Any CPU.Build.0 = Debug|Any CPU
		{E78A76E0-1B3C-40CD-8B90-56A2184A9F10}.Release|Any CPU.ActiveCfg = Release|Any CPU
		{E78A76E0-1B3C-40CD-8B90-56A2184A9F10}.Release|Any CPU.Build.0 = Release|Any CPU
		{E6B41CB7-FA13-4268-8E85-78E8264499B0}.Debug|Any CPU.ActiveCfg = Debug|Any CPU
		{E6B41CB7-FA13-4268-8E85-78E8264499B0}.Debug|Any CPU.Build.0 = Debug|Any CPU
		{E6B41CB7-FA13-4268-8E85-78E8264499B0}.Release|Any CPU.ActiveCfg = Release|Any CPU
		{E6B41CB7-FA13-4268-8E85-78E8264499B0}.Release|Any CPU.Build.0 = Release|Any CPU
		{91D49277-4FB2-4BEA-9524-522A3AE8291C}.Debug|Any CPU.ActiveCfg = Debug|Any CPU
		{91D49277-4FB2-4BEA-9524-522A3AE8291C}.Debug|Any CPU.Build.0 = Debug|Any CPU
		{91D49277-4FB2-4BEA-9524-522A3AE8291C}.Release|Any CPU.ActiveCfg = Release|Any CPU
		{91D49277-4FB2-4BEA-9524-522A3AE8291C}.Release|Any CPU.Build.0 = Release|Any CPU
		{DAF8FC08-8CA6-4E3B-B1A1-7A4C29FA04CB}.Debug|Any CPU.ActiveCfg = Debug|Any CPU
		{DAF8FC08-8CA6-4E3B-B1A1-7A4C29FA04CB}.Debug|Any CPU.Build.0 = Debug|Any CPU
		{DAF8FC08-8CA6-4E3B-B1A1-7A4C29FA04CB}.Release|Any CPU.ActiveCfg = Release|Any CPU
		{DAF8FC08-8CA6-4E3B-B1A1-7A4C29FA04CB}.Release|Any CPU.Build.0 = Release|Any CPU
		{F753A628-8F26-41D5-A459-04CCD6D4CCEA}.Debug|Any CPU.ActiveCfg = Debug|Any CPU
		{F753A628-8F26-41D5-A459-04CCD6D4CCEA}.Debug|Any CPU.Build.0 = Debug|Any CPU
		{F753A628-8F26-41D5-A459-04CCD6D4CCEA}.Release|Any CPU.ActiveCfg = Release|Any CPU
		{F753A628-8F26-41D5-A459-04CCD6D4CCEA}.Release|Any CPU.Build.0 = Release|Any CPU
		{7818DA5B-AA1F-468D-9D75-C9315BC4908F}.Debug|Any CPU.ActiveCfg = Debug|Any CPU
		{7818DA5B-AA1F-468D-9D75-C9315BC4908F}.Debug|Any CPU.Build.0 = Debug|Any CPU
		{7818DA5B-AA1F-468D-9D75-C9315BC4908F}.Release|Any CPU.ActiveCfg = Release|Any CPU
		{7818DA5B-AA1F-468D-9D75-C9315BC4908F}.Release|Any CPU.Build.0 = Release|Any CPU
		{1FABE47C-86F9-4443-A892-ACEFAA8D79E3}.Debug|Any CPU.ActiveCfg = Debug|Any CPU
		{1FABE47C-86F9-4443-A892-ACEFAA8D79E3}.Debug|Any CPU.Build.0 = Debug|Any CPU
		{1FABE47C-86F9-4443-A892-ACEFAA8D79E3}.Release|Any CPU.ActiveCfg = Release|Any CPU
		{1FABE47C-86F9-4443-A892-ACEFAA8D79E3}.Release|Any CPU.Build.0 = Release|Any CPU
		{7463D714-0A68-4175-A46B-E80F3651F117}.Debug|Any CPU.ActiveCfg = Debug|Any CPU
		{7463D714-0A68-4175-A46B-E80F3651F117}.Debug|Any CPU.Build.0 = Debug|Any CPU
		{7463D714-0A68-4175-A46B-E80F3651F117}.Release|Any CPU.ActiveCfg = Release|Any CPU
		{7463D714-0A68-4175-A46B-E80F3651F117}.Release|Any CPU.Build.0 = Release|Any CPU
		{63E9E53D-232F-4533-9471-7EFA021BECE0}.Debug|Any CPU.ActiveCfg = Debug|Any CPU
		{63E9E53D-232F-4533-9471-7EFA021BECE0}.Debug|Any CPU.Build.0 = Debug|Any CPU
		{63E9E53D-232F-4533-9471-7EFA021BECE0}.Release|Any CPU.ActiveCfg = Release|Any CPU
		{63E9E53D-232F-4533-9471-7EFA021BECE0}.Release|Any CPU.Build.0 = Release|Any CPU
	EndGlobalSection
	GlobalSection(SolutionProperties) = preSolution
		HideSolutionNode = FALSE
	EndGlobalSection
	GlobalSection(ExtensibilityGlobals) = postSolution
		SolutionGuid = {6957B56B-D59A-4DDD-9515-C324EDC8E2D2}
	EndGlobalSection
EndGlobal
